
Microsoft Visual Studio Solution File, Format Version 12.00
# Visual Studio Version 17
VisualStudioVersion = 17.1.32319.34
MinimumVisualStudioVersion = 10.0.40219.1
Project("{FAE04EC0-301F-11D3-BF4B-00C04F79EFBC}") = "KevinZonda.UoB.AI.Library", "KevinZonda.UoB.AI.Library\KevinZonda.UoB.AI.Library.csproj", "{272DD5CD-2C8A-4C19-AE6D-9A6A8E52195D}"
EndProject
Global
	GlobalSection(SolutionConfigurationPlatforms) = preSolution
		Debug|Any CPU = Debug|Any CPU
		Release|Any CPU = Release|Any CPU
	EndGlobalSection
	GlobalSection(ProjectConfigurationPlatforms) = postSolution
		{272DD5CD-2C8A-4C19-AE6D-9A6A8E52195D}.Debug|Any CPU.ActiveCfg = Debug|Any CPU
		{272DD5CD-2C8A-4C19-AE6D-9A6A8E52195D}.Debug|Any CPU.Build.0 = Debug|Any CPU
		{272DD5CD-2C8A-4C19-AE6D-9A6A8E52195D}.Release|Any CPU.ActiveCfg = Release|Any CPU
		{272DD5CD-2C8A-4C19-AE6D-9A6A8E52195D}.Release|Any CPU.Build.0 = Release|Any CPU
	EndGlobalSection
	GlobalSection(SolutionProperties) = preSolution
		HideSolutionNode = FALSE
	EndGlobalSection
	GlobalSection(ExtensibilityGlobals) = postSolution
		SolutionGuid = {B2A9F011-FF73-418E-8C83-FC33F96E91B8}
	EndGlobalSection
EndGlobal
